
Microsoft Visual Studio Solution File, Format Version 12.00
# Visual Studio 15
VisualStudioVersion = 15.0.25807.0
MinimumVisualStudioVersion = 10.0.40219.1
Project("{2150E333-8FDC-42A3-9474-1A3956D46DE8}") = "Engine", "Engine", "{14459E5E-6E1C-4DF6-8199-B5F681621D1F}"
EndProject
Project("{2150E333-8FDC-42A3-9474-1A3956D46DE8}") = "Games", "Games", "{01D3B445-D4D1-47C4-94C6-FBA2C659D6FD}"
EndProject
Project("{8BC9CEB8-8B4A-11D0-8D11-00A0C91BC942}") = "TheLastKnight", "Intermediate\ProjectFiles\TheLastKnight.vcxproj", "{A5E782BF-B31A-49FB-B005-4E2068947BD0}"
EndProject
Project("{8BC9CEB8-8B4A-11D0-8D11-00A0C91BC942}") = "UE4", "Intermediate\ProjectFiles\UE4.vcxproj", "{0FFB1A17-06E4-483B-979E-29EE4705D7C6}"
EndProject
Project("{2150E333-8FDC-42A3-9474-1A3956D46DE8}") = "Visualizers", "Visualizers", "{01EE380D-90FD-42EF-89E0-E46DD7C7DF94}"
	ProjectSection(SolutionItems) = preProject
		..\..\..\..\programas\EpicGames\UE_4.24\Engine\Extras\VisualStudioDebugging\UE4.natvis = ..\..\..\..\programas\EpicGames\UE_4.24\Engine\Extras\VisualStudioDebugging\UE4.natvis
	EndProjectSection
EndProject
Global
	GlobalSection(SolutionConfigurationPlatforms) = preSolution
		DebugGame Editor|Win32 = DebugGame Editor|Win32
		DebugGame Editor|Win64 = DebugGame Editor|Win64
		DebugGame|Win32 = DebugGame|Win32
		DebugGame|Win64 = DebugGame|Win64
		Development Editor|Win32 = Development Editor|Win32
		Development Editor|Win64 = Development Editor|Win64
		Development|Win32 = Development|Win32
		Development|Win64 = Development|Win64
		Shipping|Win32 = Shipping|Win32
		Shipping|Win64 = Shipping|Win64
	EndGlobalSection
	GlobalSection(ProjectConfigurationPlatforms) = postSolution
		{A5E782BF-B31A-49FB-B005-4E2068947BD0}.DebugGame Editor|Win32.ActiveCfg = Invalid|Win32
		{A5E782BF-B31A-49FB-B005-4E2068947BD0}.DebugGame Editor|Win64.ActiveCfg = DebugGame_Editor|x64
		{A5E782BF-B31A-49FB-B005-4E2068947BD0}.DebugGame Editor|Win64.Build.0 = DebugGame_Editor|x64
		{A5E782BF-B31A-49FB-B005-4E2068947BD0}.DebugGame|Win32.ActiveCfg = DebugGame|Win32
		{A5E782BF-B31A-49FB-B005-4E2068947BD0}.DebugGame|Win32.Build.0 = DebugGame|Win32
		{A5E782BF-B31A-49FB-B005-4E2068947BD0}.DebugGame|Win64.ActiveCfg = DebugGame|x64
		{A5E782BF-B31A-49FB-B005-4E2068947BD0}.DebugGame|Win64.Build.0 = DebugGame|x64
		{A5E782BF-B31A-49FB-B005-4E2068947BD0}.Development Editor|Win32.ActiveCfg = Invalid|Win32
		{A5E782BF-B31A-49FB-B005-4E2068947BD0}.Development Editor|Win64.ActiveCfg = Development_Editor|x64
		{A5E782BF-B31A-49FB-B005-4E2068947BD0}.Development Editor|Win64.Build.0 = Development_Editor|x64
		{A5E782BF-B31A-49FB-B005-4E2068947BD0}.Development|Win32.ActiveCfg = Development|Win32
		{A5E782BF-B31A-49FB-B005-4E2068947BD0}.Development|Win32.Build.0 = Development|Win32
		{A5E782BF-B31A-49FB-B005-4E2068947BD0}.Development|Win64.ActiveCfg = Development|x64
		{A5E782BF-B31A-49FB-B005-4E2068947BD0}.Development|Win64.Build.0 = Development|x64
		{A5E782BF-B31A-49FB-B005-4E2068947BD0}.Shipping|Win32.ActiveCfg = Shipping|Win32
		{A5E782BF-B31A-49FB-B005-4E2068947BD0}.Shipping|Win32.Build.0 = Shipping|Win32
		{A5E782BF-B31A-49FB-B005-4E2068947BD0}.Shipping|Win64.ActiveCfg = Shipping|x64
		{A5E782BF-B31A-49FB-B005-4E2068947BD0}.Shipping|Win64.Build.0 = Shipping|x64
		{0FFB1A17-06E4-483B-979E-29EE4705D7C6}.DebugGame Editor|Win32.ActiveCfg = BuiltWithUnrealBuildTool|Win32
		{0FFB1A17-06E4-483B-979E-29EE4705D7C6}.DebugGame Editor|Win64.ActiveCfg = BuiltWithUnrealBuildTool|Win32
		{0FFB1A17-06E4-483B-979E-29EE4705D7C6}.DebugGame|Win32.ActiveCfg = BuiltWithUnrealBuildTool|Win32
		{0FFB1A17-06E4-483B-979E-29EE4705D7C6}.DebugGame|Win64.ActiveCfg = BuiltWithUnrealBuildTool|Win32
		{0FFB1A17-06E4-483B-979E-29EE4705D7C6}.Development Editor|Win32.ActiveCfg = BuiltWithUnrealBuildTool|Win32
		{0FFB1A17-06E4-483B-979E-29EE4705D7C6}.Development Editor|Win64.ActiveCfg = BuiltWithUnrealBuildTool|Win32
		{0FFB1A17-06E4-483B-979E-29EE4705D7C6}.Development|Win32.ActiveCfg = BuiltWithUnrealBuildTool|Win32
		{0FFB1A17-06E4-483B-979E-29EE4705D7C6}.Development|Win64.ActiveCfg = BuiltWithUnrealBuildTool|Win32
		{0FFB1A17-06E4-483B-979E-29EE4705D7C6}.Shipping|Win32.ActiveCfg = BuiltWithUnrealBuildTool|Win32
		{0FFB1A17-06E4-483B-979E-29EE4705D7C6}.Shipping|Win64.ActiveCfg = BuiltWithUnrealBuildTool|Win32
	EndGlobalSection
	GlobalSection(SolutionProperties) = preSolution
		HideSolutionNode = FALSE
	EndGlobalSection
	GlobalSection(NestedProjects) = preSolution
		{0FFB1A17-06E4-483B-979E-29EE4705D7C6} = {14459E5E-6E1C-4DF6-8199-B5F681621D1F}
		{A5E782BF-B31A-49FB-B005-4E2068947BD0} = {01D3B445-D4D1-47C4-94C6-FBA2C659D6FD}
	EndGlobalSection
EndGlobal
