
Microsoft Visual Studio Solution File, Format Version 12.00
# Visual Studio 15
VisualStudioVersion = 15.0.25807.0
MinimumVisualStudioVersion = 10.0.40219.1
Project("{2150E333-8FDC-42A3-9474-1A3956D46DE8}") = "Engine", "Engine", "{7BA40703-4F64-4883-9F3F-0A1AD7765400}"
EndProject
Project("{2150E333-8FDC-42A3-9474-1A3956D46DE8}") = "Games", "Games", "{59D5AE00-71C4-4A94-9378-5A1F8B1A25F0}"
EndProject
Project("{8BC9CEB8-8B4A-11D0-8D11-00A0C91BC942}") = "UE4", "Intermediate\ProjectFiles\UE4.vcxproj", "{113ABCC9-3D35-4F60-A4EA-60EF5B57E415}"
EndProject
Project("{8BC9CEB8-8B4A-11D0-8D11-00A0C91BC942}") = "TheLastKnight", "Intermediate\ProjectFiles\TheLastKnight.vcxproj", "{D13AB917-F8B2-4B3D-971C-D2937B70261A}"
EndProject
Project("{2150E333-8FDC-42A3-9474-1A3956D46DE8}") = "Visualizers", "Visualizers", "{5B3EBB4A-F1B3-44BC-AEC1-EE7B84C62487}"
	ProjectSection(SolutionItems) = preProject
		..\..\Programas\EpicGames\UE_4.24\Engine\Extras\VisualStudioDebugging\UE4.natvis = ..\..\Programas\EpicGames\UE_4.24\Engine\Extras\VisualStudioDebugging\UE4.natvis
	EndProjectSection
EndProject
Global
	GlobalSection(SolutionConfigurationPlatforms) = preSolution
		DebugGame Editor|Win32 = DebugGame Editor|Win32
		DebugGame Editor|Win64 = DebugGame Editor|Win64
		DebugGame|Win32 = DebugGame|Win32
		DebugGame|Win64 = DebugGame|Win64
		Development Editor|Win32 = Development Editor|Win32
		Development Editor|Win64 = Development Editor|Win64
		Development|Win32 = Development|Win32
		Development|Win64 = Development|Win64
		Shipping|Win32 = Shipping|Win32
		Shipping|Win64 = Shipping|Win64
	EndGlobalSection
	GlobalSection(ProjectConfigurationPlatforms) = postSolution
		{113ABCC9-3D35-4F60-A4EA-60EF5B57E415}.DebugGame Editor|Win32.ActiveCfg = BuiltWithUnrealBuildTool|Win32
		{113ABCC9-3D35-4F60-A4EA-60EF5B57E415}.DebugGame Editor|Win64.ActiveCfg = BuiltWithUnrealBuildTool|Win32
		{113ABCC9-3D35-4F60-A4EA-60EF5B57E415}.DebugGame|Win32.ActiveCfg = BuiltWithUnrealBuildTool|Win32
		{113ABCC9-3D35-4F60-A4EA-60EF5B57E415}.DebugGame|Win64.ActiveCfg = BuiltWithUnrealBuildTool|Win32
		{113ABCC9-3D35-4F60-A4EA-60EF5B57E415}.Development Editor|Win32.ActiveCfg = BuiltWithUnrealBuildTool|Win32
		{113ABCC9-3D35-4F60-A4EA-60EF5B57E415}.Development Editor|Win64.ActiveCfg = BuiltWithUnrealBuildTool|Win32
		{113ABCC9-3D35-4F60-A4EA-60EF5B57E415}.Development|Win32.ActiveCfg = BuiltWithUnrealBuildTool|Win32
		{113ABCC9-3D35-4F60-A4EA-60EF5B57E415}.Development|Win64.ActiveCfg = BuiltWithUnrealBuildTool|Win32
		{113ABCC9-3D35-4F60-A4EA-60EF5B57E415}.Shipping|Win32.ActiveCfg = BuiltWithUnrealBuildTool|Win32
		{113ABCC9-3D35-4F60-A4EA-60EF5B57E415}.Shipping|Win64.ActiveCfg = BuiltWithUnrealBuildTool|Win32
		{D13AB917-F8B2-4B3D-971C-D2937B70261A}.DebugGame Editor|Win32.ActiveCfg = Invalid|Win32
		{D13AB917-F8B2-4B3D-971C-D2937B70261A}.DebugGame Editor|Win64.ActiveCfg = DebugGame_Editor|x64
		{D13AB917-F8B2-4B3D-971C-D2937B70261A}.DebugGame Editor|Win64.Build.0 = DebugGame_Editor|x64
		{D13AB917-F8B2-4B3D-971C-D2937B70261A}.DebugGame|Win32.ActiveCfg = DebugGame|Win32
		{D13AB917-F8B2-4B3D-971C-D2937B70261A}.DebugGame|Win32.Build.0 = DebugGame|Win32
		{D13AB917-F8B2-4B3D-971C-D2937B70261A}.DebugGame|Win64.ActiveCfg = DebugGame|x64
		{D13AB917-F8B2-4B3D-971C-D2937B70261A}.DebugGame|Win64.Build.0 = DebugGame|x64
		{D13AB917-F8B2-4B3D-971C-D2937B70261A}.Development Editor|Win32.ActiveCfg = Invalid|Win32
		{D13AB917-F8B2-4B3D-971C-D2937B70261A}.Development Editor|Win64.ActiveCfg = Development_Editor|x64
		{D13AB917-F8B2-4B3D-971C-D2937B70261A}.Development Editor|Win64.Build.0 = Development_Editor|x64
		{D13AB917-F8B2-4B3D-971C-D2937B70261A}.Development|Win32.ActiveCfg = Development|Win32
		{D13AB917-F8B2-4B3D-971C-D2937B70261A}.Development|Win32.Build.0 = Development|Win32
		{D13AB917-F8B2-4B3D-971C-D2937B70261A}.Development|Win64.ActiveCfg = Development|x64
		{D13AB917-F8B2-4B3D-971C-D2937B70261A}.Development|Win64.Build.0 = Development|x64
		{D13AB917-F8B2-4B3D-971C-D2937B70261A}.Shipping|Win32.ActiveCfg = Shipping|Win32
		{D13AB917-F8B2-4B3D-971C-D2937B70261A}.Shipping|Win32.Build.0 = Shipping|Win32
		{D13AB917-F8B2-4B3D-971C-D2937B70261A}.Shipping|Win64.ActiveCfg = Shipping|x64
		{D13AB917-F8B2-4B3D-971C-D2937B70261A}.Shipping|Win64.Build.0 = Shipping|x64
	EndGlobalSection
	GlobalSection(SolutionProperties) = preSolution
		HideSolutionNode = FALSE
	EndGlobalSection
	GlobalSection(NestedProjects) = preSolution
		{113ABCC9-3D35-4F60-A4EA-60EF5B57E415} = {7BA40703-4F64-4883-9F3F-0A1AD7765400}
		{D13AB917-F8B2-4B3D-971C-D2937B70261A} = {59D5AE00-71C4-4A94-9378-5A1F8B1A25F0}
	EndGlobalSection
EndGlobal
